
Microsoft Visual Studio Solution File, Format Version 12.00
# Visual Studio Version 17
VisualStudioVersion = 17.0.32112.339
MinimumVisualStudioVersion = 10.0.40219.1
Project("{9A19103F-16F7-4668-BE54-9A1E7A4F7556}") = "KU-Banking", "KU-Banking\KU-Banking.csproj", "{50DC26C5-F005-4203-B558-A2D0B86480E0}"
	ProjectSection(ProjectDependencies) = postProject
		{9C5FCB1D-3132-4D04-B833-942BDADFB3AF} = {9C5FCB1D-3132-4D04-B833-942BDADFB3AF}
		{DB7437E0-C324-424B-8965-E7BEC71831CF} = {DB7437E0-C324-424B-8965-E7BEC71831CF}
	EndProjectSection
EndProject
Project("{00D1A9C2-B5F0-4AF3-8072-F6C62B433612}") = "DB", "DB\DB.sqlproj", "{22F2DDFF-A470-4FB3-B8F8-6112A8C4865A}"
EndProject
Project("{FAE04EC0-301F-11D3-BF4B-00C04F79EFBC}") = "DBContext", "Context\DBContext.csproj", "{9C5FCB1D-3132-4D04-B833-942BDADFB3AF}"
EndProject
Project("{FAE04EC0-301F-11D3-BF4B-00C04F79EFBC}") = "Common", "Common\Common.csproj", "{DB7437E0-C324-424B-8965-E7BEC71831CF}"
	ProjectSection(ProjectDependencies) = postProject
		{9C5FCB1D-3132-4D04-B833-942BDADFB3AF} = {9C5FCB1D-3132-4D04-B833-942BDADFB3AF}
	EndProjectSection
EndProject
Global
	GlobalSection(SolutionConfigurationPlatforms) = preSolution
		Debug|Any CPU = Debug|Any CPU
		Release|Any CPU = Release|Any CPU
	EndGlobalSection
	GlobalSection(ProjectConfigurationPlatforms) = postSolution
		{50DC26C5-F005-4203-B558-A2D0B86480E0}.Debug|Any CPU.ActiveCfg = Debug|Any CPU
		{50DC26C5-F005-4203-B558-A2D0B86480E0}.Debug|Any CPU.Build.0 = Debug|Any CPU
		{50DC26C5-F005-4203-B558-A2D0B86480E0}.Release|Any CPU.ActiveCfg = Release|Any CPU
		{50DC26C5-F005-4203-B558-A2D0B86480E0}.Release|Any CPU.Build.0 = Release|Any CPU
		{22F2DDFF-A470-4FB3-B8F8-6112A8C4865A}.Debug|Any CPU.ActiveCfg = Debug|Any CPU
		{22F2DDFF-A470-4FB3-B8F8-6112A8C4865A}.Debug|Any CPU.Build.0 = Debug|Any CPU
		{22F2DDFF-A470-4FB3-B8F8-6112A8C4865A}.Debug|Any CPU.Deploy.0 = Debug|Any CPU
		{22F2DDFF-A470-4FB3-B8F8-6112A8C4865A}.Release|Any CPU.ActiveCfg = Release|Any CPU
		{22F2DDFF-A470-4FB3-B8F8-6112A8C4865A}.Release|Any CPU.Build.0 = Release|Any CPU
		{22F2DDFF-A470-4FB3-B8F8-6112A8C4865A}.Release|Any CPU.Deploy.0 = Release|Any CPU
		{9C5FCB1D-3132-4D04-B833-942BDADFB3AF}.Debug|Any CPU.ActiveCfg = Debug|Any CPU
		{9C5FCB1D-3132-4D04-B833-942BDADFB3AF}.Debug|Any CPU.Build.0 = Debug|Any CPU
		{9C5FCB1D-3132-4D04-B833-942BDADFB3AF}.Release|Any CPU.ActiveCfg = Release|Any CPU
		{9C5FCB1D-3132-4D04-B833-942BDADFB3AF}.Release|Any CPU.Build.0 = Release|Any CPU
		{DB7437E0-C324-424B-8965-E7BEC71831CF}.Debug|Any CPU.ActiveCfg = Debug|Any CPU
		{DB7437E0-C324-424B-8965-E7BEC71831CF}.Debug|Any CPU.Build.0 = Debug|Any CPU
		{DB7437E0-C324-424B-8965-E7BEC71831CF}.Release|Any CPU.ActiveCfg = Release|Any CPU
		{DB7437E0-C324-424B-8965-E7BEC71831CF}.Release|Any CPU.Build.0 = Release|Any CPU
	EndGlobalSection
	GlobalSection(SolutionProperties) = preSolution
		HideSolutionNode = FALSE
	EndGlobalSection
	GlobalSection(ExtensibilityGlobals) = postSolution
		SolutionGuid = {EC2596EF-9A8C-4471-9A81-3502385FF1BB}
	EndGlobalSection
EndGlobal
